
Microsoft Visual Studio Solution File, Format Version 12.00
# Visual Studio 15
VisualStudioVersion = 15.0.27130.2036
MinimumVisualStudioVersion = 10.0.40219.1
Project("{9A19103F-16F7-4668-BE54-9A1E7A4F7556}") = "recore", "recore\recore.csproj", "{26F810DA-8653-4027-9015-AB657F73E069}"
EndProject
Project("{9A19103F-16F7-4668-BE54-9A1E7A4F7556}") = "recore.db", "recore.db\recore.db.csproj", "{042A968E-C338-44F6-BE1B-3EDE057798D8}"
EndProject
Project("{FAE04EC0-301F-11D3-BF4B-00C04F79EFBC}") = "recore.web", "recore.web\recore.web.csproj", "{402E265F-8462-4D13-A563-E5A518680F8D}"
EndProject
Global
	GlobalSection(SolutionConfigurationPlatforms) = preSolution
		Debug|Any CPU = Debug|Any CPU
		Release|Any CPU = Release|Any CPU
	EndGlobalSection
	GlobalSection(ProjectConfigurationPlatforms) = postSolution
		{26F810DA-8653-4027-9015-AB657F73E069}.Debug|Any CPU.ActiveCfg = Debug|Any CPU
		{26F810DA-8653-4027-9015-AB657F73E069}.Debug|Any CPU.Build.0 = Debug|Any CPU
		{26F810DA-8653-4027-9015-AB657F73E069}.Release|Any CPU.ActiveCfg = Release|Any CPU
		{26F810DA-8653-4027-9015-AB657F73E069}.Release|Any CPU.Build.0 = Release|Any CPU
		{042A968E-C338-44F6-BE1B-3EDE057798D8}.Debug|Any CPU.ActiveCfg = Debug|Any CPU
		{042A968E-C338-44F6-BE1B-3EDE057798D8}.Debug|Any CPU.Build.0 = Debug|Any CPU
		{042A968E-C338-44F6-BE1B-3EDE057798D8}.Release|Any CPU.ActiveCfg = Release|Any CPU
		{042A968E-C338-44F6-BE1B-3EDE057798D8}.Release|Any CPU.Build.0 = Release|Any CPU
		{402E265F-8462-4D13-A563-E5A518680F8D}.Debug|Any CPU.ActiveCfg = Debug|Any CPU
		{402E265F-8462-4D13-A563-E5A518680F8D}.Debug|Any CPU.Build.0 = Debug|Any CPU
		{402E265F-8462-4D13-A563-E5A518680F8D}.Release|Any CPU.ActiveCfg = Release|Any CPU
		{402E265F-8462-4D13-A563-E5A518680F8D}.Release|Any CPU.Build.0 = Release|Any CPU
	EndGlobalSection
	GlobalSection(SolutionProperties) = preSolution
		HideSolutionNode = FALSE
	EndGlobalSection
	GlobalSection(ExtensibilityGlobals) = postSolution
		SolutionGuid = {093DB3C2-8B9E-4A8E-884E-19685E1D98E6}
	EndGlobalSection
EndGlobal
